{
  "name": "@matersoft/aws-signature",
  "version": "1.0.0",
  "lockfileVersion": 1,
  "requires": true,
  "dependencies": {
    "@matersoft/mypluralize": {
      "version": "1.0.0",
      "resolved": "https://registry.npmjs.org/@matersoft/mypluralize/-/mypluralize-1.0.0.tgz",
      "integrity": "sha512-PjlkHqqhgUNfVFyDopRP27d7YH0Pi4WrGM7shA9n9QtyegJKjWpqZ1Cv3L1xJpVhMu3Uj0zrx4AdeYhalKZGDQ==",
      "requires": {
        "pluralize": "^7.0.0"
      }
    },
    "@types/pluralize": {
      "version": "0.0.27",
      "resolved": "http://registry.npmjs.org/@types/pluralize/-/pluralize-0.0.27.tgz",
      "integrity": "sha1-CHNUp5HOAn2xEB/zmdthEfySdfc="
    },
    "mypluralize": {
      "version": "1.0.3",
      "resolved": "https://registry.npmjs.org/mypluralize/-/mypluralize-1.0.3.tgz",
      "integrity": "sha1-4+wPKaG26eWVqiH8o1fB0dns3cI=",
      "requires": {
        "@types/pluralize": "0.0.27",
        "pluralize": "^7.0.0"
      }
    },
    "pluralize": {
      "version": "7.0.0",
      "resolved": "https://registry.npmjs.org/pluralize/-/pluralize-7.0.0.tgz",
      "integrity": "sha512-ARhBOdzS3e41FbkW/XWrTEtukqqLoK5+Z/4UeDaLuSW+39JPeFgs4gCGqsrJHVZX0fUrx//4OF0K1CUGwlIFow=="
    }
  }
}
